
Microsoft Visual Studio Solution File, Format Version 12.00
# Visual Studio Version 16
VisualStudioVersion = 16.0.31005.135
MinimumVisualStudioVersion = 10.0.40219.1
Project("{FAE04EC0-301F-11D3-BF4B-00C04F79EFBC}") = "ConsoleApp2", "ConsoleApp2\ConsoleApp2.csproj", "{FF39C4A2-799C-4972-93D5-BE2CEDBD075A}"
EndProject
Global
	GlobalSection(SolutionConfigurationPlatforms) = preSolution
		Debug|Any CPU = Debug|Any CPU
		Release|Any CPU = Release|Any CPU
	EndGlobalSection
	GlobalSection(ProjectConfigurationPlatforms) = postSolution
		{FF39C4A2-799C-4972-93D5-BE2CEDBD075A}.Debug|Any CPU.ActiveCfg = Debug|Any CPU
		{FF39C4A2-799C-4972-93D5-BE2CEDBD075A}.Debug|Any CPU.Build.0 = Debug|Any CPU
		{FF39C4A2-799C-4972-93D5-BE2CEDBD075A}.Release|Any CPU.ActiveCfg = Release|Any CPU
		{FF39C4A2-799C-4972-93D5-BE2CEDBD075A}.Release|Any CPU.Build.0 = Release|Any CPU
	EndGlobalSection
	GlobalSection(SolutionProperties) = preSolution
		HideSolutionNode = FALSE
	EndGlobalSection
	GlobalSection(ExtensibilityGlobals) = postSolution
		SolutionGuid = {6DC24E0B-8A03-4EF2-87E3-012FD3932E15}
	EndGlobalSection
EndGlobal
